
Microsoft Visual Studio Solution File, Format Version 12.00
# Visual Studio 15
VisualStudioVersion = 15.0.27703.2042
MinimumVisualStudioVersion = 10.0.40219.1
Project("{FAE04EC0-301F-11D3-BF4B-00C04F79EFBC}") = "ProjetoViceri.SistemaMedico", "ProjetoViceri.SistemaMedico\ProjetoViceri.SistemaMedico.csproj", "{0548996B-15C7-4637-9699-410979C4D781}"
EndProject
Project("{FAE04EC0-301F-11D3-BF4B-00C04F79EFBC}") = "ProjetoViceri.SistemaMedico.WebAPI", "ProjetoViceri.SistemaMedico.WebAPI\ProjetoViceri.SistemaMedico.WebAPI.csproj", "{1DCBD6DC-D157-48B3-873F-0E4B1A35EFA9}"
EndProject
Global
	GlobalSection(SolutionConfigurationPlatforms) = preSolution
		Debug|Any CPU = Debug|Any CPU
		Release|Any CPU = Release|Any CPU
	EndGlobalSection
	GlobalSection(ProjectConfigurationPlatforms) = postSolution
		{0548996B-15C7-4637-9699-410979C4D781}.Debug|Any CPU.ActiveCfg = Debug|Any CPU
		{0548996B-15C7-4637-9699-410979C4D781}.Debug|Any CPU.Build.0 = Debug|Any CPU
		{0548996B-15C7-4637-9699-410979C4D781}.Release|Any CPU.ActiveCfg = Release|Any CPU
		{0548996B-15C7-4637-9699-410979C4D781}.Release|Any CPU.Build.0 = Release|Any CPU
		{1DCBD6DC-D157-48B3-873F-0E4B1A35EFA9}.Debug|Any CPU.ActiveCfg = Debug|Any CPU
		{1DCBD6DC-D157-48B3-873F-0E4B1A35EFA9}.Debug|Any CPU.Build.0 = Debug|Any CPU
		{1DCBD6DC-D157-48B3-873F-0E4B1A35EFA9}.Release|Any CPU.ActiveCfg = Release|Any CPU
		{1DCBD6DC-D157-48B3-873F-0E4B1A35EFA9}.Release|Any CPU.Build.0 = Release|Any CPU
	EndGlobalSection
	GlobalSection(SolutionProperties) = preSolution
		HideSolutionNode = FALSE
	EndGlobalSection
	GlobalSection(ExtensibilityGlobals) = postSolution
		SolutionGuid = {6CB71A62-64F1-4A3A-A0C0-5A34C02960A4}
	EndGlobalSection
EndGlobal
